
Microsoft Visual Studio Solution File, Format Version 12.00
# Visual Studio Version 16
VisualStudioVersion = 16.0.31112.23
MinimumVisualStudioVersion = 10.0.40219.1
Project("{FAE04EC0-301F-11D3-BF4B-00C04F79EFBC}") = "Coronavirus Statistics", "Coronavirus Statistics\Coronavirus Statistics.csproj", "{A4845346-E260-4FAE-8C9E-DD79F59439B3}"
EndProject
Global
	GlobalSection(SolutionConfigurationPlatforms) = preSolution
		Debug|Any CPU = Debug|Any CPU
		Release|Any CPU = Release|Any CPU
	EndGlobalSection
	GlobalSection(ProjectConfigurationPlatforms) = postSolution
		{A4845346-E260-4FAE-8C9E-DD79F59439B3}.Debug|Any CPU.ActiveCfg = Debug|Any CPU
		{A4845346-E260-4FAE-8C9E-DD79F59439B3}.Debug|Any CPU.Build.0 = Debug|Any CPU
		{A4845346-E260-4FAE-8C9E-DD79F59439B3}.Release|Any CPU.ActiveCfg = Release|Any CPU
		{A4845346-E260-4FAE-8C9E-DD79F59439B3}.Release|Any CPU.Build.0 = Release|Any CPU
	EndGlobalSection
	GlobalSection(SolutionProperties) = preSolution
		HideSolutionNode = FALSE
	EndGlobalSection
	GlobalSection(ExtensibilityGlobals) = postSolution
		SolutionGuid = {721A9918-99DD-4F80-9239-18C3A9534A83}
	EndGlobalSection
EndGlobal
